// !$*UTF8*$!
{
	archiveVersion = 1;
	classes = {
	};
	objectVersion = 46;
	objects = {

/* Begin PBXBuildFile section */
		741049091DC202E7006A4D6E /* main.m in Sources */ = {isa = PBXBuildFile; fileRef = 741049081DC202E7006A4D6E /* main.m */; };
		7410490C1DC202E7006A4D6E /* AppDelegate.m in Sources */ = {isa = PBXBuildFile; fileRef = 7410490B1DC202E7006A4D6E /* AppDelegate.m */; };
		7410490F1DC202E7006A4D6E /* ViewController.m in Sources */ = {isa = PBXBuildFile; fileRef = 7410490E1DC202E7006A4D6E /* ViewController.m */; };
		741049121DC202E7006A4D6E /* Main.storyboard in Resources */ = {isa = PBXBuildFile; fileRef = 741049101DC202E7006A4D6E /* Main.storyboard */; };
		741049141DC202E7006A4D6E /* Assets.xcassets in Resources */ = {isa = PBXBuildFile; fileRef = 741049131DC202E7006A4D6E /* Assets.xcassets */; };
		741049221DC202E7006A4D6E /* GPSearchDemoTests.m in Sources */ = {isa = PBXBuildFile; fileRef = 741049211DC202E7006A4D6E /* GPSearchDemoTests.m */; };
		7410492D1DC202E7006A4D6E /* GPSearchDemoUITests.m in Sources */ = {isa = PBXBuildFile; fileRef = 7410492C1DC202E7006A4D6E /* GPSearchDemoUITests.m */; };
		741049691DC20B2E006A4D6E /* GPSearchStyleListVC.m in Sources */ = {isa = PBXBuildFile; fileRef = 741049661DC20B2E006A4D6E /* GPSearchStyleListVC.m */; };
		7410496A1DC20B2E006A4D6E /* SearchResultVC.m in Sources */ = {isa = PBXBuildFile; fileRef = 741049681DC20B2E006A4D6E /* SearchResultVC.m */; };
		741049DE1DC21F4A006A4D6E /* LaunchScreen.storyboard in Resources */ = {isa = PBXBuildFile; fileRef = 741049DC1DC21F4A006A4D6E /* LaunchScreen.storyboard */; };
		741231F91FF4F72E007A4102 /* Localizable.strings in Resources */ = {isa = PBXBuildFile; fileRef = 741231FB1FF4F72E007A4102 /* Localizable.strings */; };
		741232021FF4FAB2007A4102 /* NSBundle+GPSearch.m in Sources */ = {isa = PBXBuildFile; fileRef = 741232011FF4FAB2007A4102 /* NSBundle+GPSearch.m */; };
		74A5509A1F94522100BE7188 /* GPSearchConst.m in Sources */ = {isa = PBXBuildFile; fileRef = 74A550841F94522100BE7188 /* GPSearchConst.m */; };
		74A5509B1F94522100BE7188 /* GPSearchAdviceVC.m in Sources */ = {isa = PBXBuildFile; fileRef = 74A550861F94522100BE7188 /* GPSearchAdviceVC.m */; };
		74A5509D1F94522100BE7188 /* GPSearchVC.m in Sources */ = {isa = PBXBuildFile; fileRef = 74A5508A1F94522100BE7188 /* GPSearchVC.m */; };
		74CD57C11FFCB2700019E4A2 /* SuperViewController.m in Sources */ = {isa = PBXBuildFile; fileRef = 74CD57BF1FFCB2700019E4A2 /* SuperViewController.m */; };
		74CD57C41FFCB3220019E4A2 /* m_backArrow@3x.png in Resources */ = {isa = PBXBuildFile; fileRef = 74CD57C21FFCB3220019E4A2 /* m_backArrow@3x.png */; };
		74CD57C51FFCB3220019E4A2 /* m_backArrow@2x.png in Resources */ = {isa = PBXBuildFile; fileRef = 74CD57C31FFCB3220019E4A2 /* m_backArrow@2x.png */; };
		74CD57DB1FFCD44C0019E4A2 /* My_LaunchScreen.png in Resources */ = {isa = PBXBuildFile; fileRef = 74CD57D91FFCD44B0019E4A2 /* My_LaunchScreen.png */; };
		74CD57DC1FFCD44C0019E4A2 /* icon.png in Resources */ = {isa = PBXBuildFile; fileRef = 74CD57DA1FFCD44C0019E4A2 /* icon.png */; };
		74D95FD61FF3A15A00AE05D2 /* UIView+Addition.m in Sources */ = {isa = PBXBuildFile; fileRef = 74D95FD11FF3A15900AE05D2 /* UIView+Addition.m */; };
		74D95FD71FF3A15A00AE05D2 /* UIColor+Addition.m in Sources */ = {isa = PBXBuildFile; fileRef = 74D95FD21FF3A15900AE05D2 /* UIColor+Addition.m */; };
		74F62F521FF4C4AF00B0ECC2 /* GPSearch.bundle in Resources */ = {isa = PBXBuildFile; fileRef = 74F62F511FF4C4AF00B0ECC2 /* GPSearch.bundle */; };
/* End PBXBuildFile section */

/* Begin PBXContainerItemProxy section */
		7410491E1DC202E7006A4D6E /* PBXContainerItemProxy */ = {
			isa = PBXContainerItemProxy;
			containerPortal = 741048FC1DC202E7006A4D6E /* Project object */;
			proxyType = 1;
			remoteGlobalIDString = 741049031DC202E7006A4D6E;
			remoteInfo = GPSearchDemo;
		};
		741049291DC202E7006A4D6E /* PBXContainerItemProxy */ = {
			isa = PBXContainerItemProxy;
			containerPortal = 741048FC1DC202E7006A4D6E /* Project object */;
			proxyType = 1;
			remoteGlobalIDString = 741049031DC202E7006A4D6E;
			remoteInfo = GPSearchDemo;
		};
/* End PBXContainerItemProxy section */

/* Begin PBXFileReference section */
		741049041DC202E7006A4D6E /* GPSearchDemo.app */ = {isa = PBXFileReference; explicitFileType = wrapper.application; includeInIndex = 0; path = GPSearchDemo.app; sourceTree = BUILT_PRODUCTS_DIR; };
		741049081DC202E7006A4D6E /* main.m */ = {isa = PBXFileReference; lastKnownFileType = sourcecode.c.objc; path = main.m; sourceTree = "<group>"; };
		7410490A1DC202E7006A4D6E /* AppDelegate.h */ = {isa = PBXFileReference; lastKnownFileType = sourcecode.c.h; path = AppDelegate.h; sourceTree = "<group>"; };
		7410490B1DC202E7006A4D6E /* AppDelegate.m */ = {isa = PBXFileReference; lastKnownFileType = sourcecode.c.objc; path = AppDelegate.m; sourceTree = "<group>"; };
		7410490D1DC202E7006A4D6E /* ViewController.h */ = {isa = PBXFileReference; lastKnownFileType = sourcecode.c.h; path = ViewController.h; sourceTree = "<group>"; };
		7410490E1DC202E7006A4D6E /* ViewController.m */ = {isa = PBXFileReference; lastKnownFileType = sourcecode.c.objc; path = ViewController.m; sourceTree = "<group>"; };
		741049111DC202E7006A4D6E /* Base */ = {isa = PBXFileReference; lastKnownFileType = file.storyboard; name = Base; path = Base.lproj/Main.storyboard; sourceTree = "<group>"; };
		741049131DC202E7006A4D6E /* Assets.xcassets */ = {isa = PBXFileReference; lastKnownFileType = folder.assetcatalog; path = Assets.xcassets; sourceTree = "<group>"; };
		741049181DC202E7006A4D6E /* Info.plist */ = {isa = PBXFileReference; lastKnownFileType = text.plist.xml; path = Info.plist; sourceTree = "<group>"; };
		7410491D1DC202E7006A4D6E /* GPSearchDemoTests.xctest */ = {isa = PBXFileReference; explicitFileType = wrapper.cfbundle; includeInIndex = 0; path = GPSearchDemoTests.xctest; sourceTree = BUILT_PRODUCTS_DIR; };
		741049211DC202E7006A4D6E /* GPSearchDemoTests.m */ = {isa = PBXFileReference; lastKnownFileType = sourcecode.c.objc; path = GPSearchDemoTests.m; sourceTree = "<group>"; };
		741049231DC202E7006A4D6E /* Info.plist */ = {isa = PBXFileReference; lastKnownFileType = text.plist.xml; path = Info.plist; sourceTree = "<group>"; };
		741049281DC202E7006A4D6E /* GPSearchDemoUITests.xctest */ = {isa = PBXFileReference; explicitFileType = wrapper.cfbundle; includeInIndex = 0; path = GPSearchDemoUITests.xctest; sourceTree = BUILT_PRODUCTS_DIR; };
		7410492C1DC202E7006A4D6E /* GPSearchDemoUITests.m */ = {isa = PBXFileReference; lastKnownFileType = sourcecode.c.objc; path = GPSearchDemoUITests.m; sourceTree = "<group>"; };
		7410492E1DC202E7006A4D6E /* Info.plist */ = {isa = PBXFileReference; lastKnownFileType = text.plist.xml; path = Info.plist; sourceTree = "<group>"; };
		741049651DC20B2E006A4D6E /* GPSearchStyleListVC.h */ = {isa = PBXFileReference; fileEncoding = 4; lastKnownFileType = sourcecode.c.h; path = GPSearchStyleListVC.h; sourceTree = "<group>"; };
		741049661DC20B2E006A4D6E /* GPSearchStyleListVC.m */ = {isa = PBXFileReference; fileEncoding = 4; lastKnownFileType = sourcecode.c.objc; path = GPSearchStyleListVC.m; sourceTree = "<group>"; };
		741049671DC20B2E006A4D6E /* SearchResultVC.h */ = {isa = PBXFileReference; fileEncoding = 4; lastKnownFileType = sourcecode.c.h; path = SearchResultVC.h; sourceTree = "<group>"; };
		741049681DC20B2E006A4D6E /* SearchResultVC.m */ = {isa = PBXFileReference; fileEncoding = 4; lastKnownFileType = sourcecode.c.objc; path = SearchResultVC.m; sourceTree = "<group>"; };
		741049DC1DC21F4A006A4D6E /* LaunchScreen.storyboard */ = {isa = PBXFileReference; fileEncoding = 4; lastKnownFileType = file.storyboard; path = LaunchScreen.storyboard; sourceTree = "<group>"; };
		741231FA1FF4F72E007A4102 /* en */ = {isa = PBXFileReference; lastKnownFileType = text.plist.strings; name = en; path = en.lproj/Localizable.strings; sourceTree = "<group>"; };
		741231FC1FF4F73C007A4102 /* fr */ = {isa = PBXFileReference; lastKnownFileType = text.plist.strings; name = fr; path = fr.lproj/Localizable.strings; sourceTree = "<group>"; };
		741231FD1FF4F73E007A4102 /* es */ = {isa = PBXFileReference; lastKnownFileType = text.plist.strings; name = es; path = es.lproj/Localizable.strings; sourceTree = "<group>"; };
		741231FE1FF4F73F007A4102 /* zh-Hant */ = {isa = PBXFileReference; lastKnownFileType = text.plist.strings; name = "zh-Hant"; path = "zh-Hant.lproj/Localizable.strings"; sourceTree = "<group>"; };
		741231FF1FF4F740007A4102 /* zh-Hans */ = {isa = PBXFileReference; lastKnownFileType = text.plist.strings; name = "zh-Hans"; path = "zh-Hans.lproj/Localizable.strings"; sourceTree = "<group>"; };
		741232001FF4FAB2007A4102 /* NSBundle+GPSearch.h */ = {isa = PBXFileReference; lastKnownFileType = sourcecode.c.h; path = "NSBundle+GPSearch.h"; sourceTree = "<group>"; };
		741232011FF4FAB2007A4102 /* NSBundle+GPSearch.m */ = {isa = PBXFileReference; lastKnownFileType = sourcecode.c.objc; path = "NSBundle+GPSearch.m"; sourceTree = "<group>"; };
		742015D91FFB553D00E81162 /* MyPCH.pch */ = {isa = PBXFileReference; fileEncoding = 4; lastKnownFileType = sourcecode.c.h; path = MyPCH.pch; sourceTree = "<group>"; };
		742015DA1FFB558F00E81162 /* Defines.h */ = {isa = PBXFileReference; fileEncoding = 4; lastKnownFileType = sourcecode.c.h; path = Defines.h; sourceTree = "<group>"; };
		74A550711F94522000BE7188 /* GPSearchConst.h */ = {isa = PBXFileReference; fileEncoding = 4; lastKnownFileType = sourcecode.c.h; path = GPSearchConst.h; sourceTree = "<group>"; };
		74A550821F94522000BE7188 /* GPSearchAdviceVC.h */ = {isa = PBXFileReference; fileEncoding = 4; lastKnownFileType = sourcecode.c.h; path = GPSearchAdviceVC.h; sourceTree = "<group>"; };
		74A550841F94522100BE7188 /* GPSearchConst.m */ = {isa = PBXFileReference; fileEncoding = 4; lastKnownFileType = sourcecode.c.objc; path = GPSearchConst.m; sourceTree = "<group>"; };
		74A550861F94522100BE7188 /* GPSearchAdviceVC.m */ = {isa = PBXFileReference; fileEncoding = 4; lastKnownFileType = sourcecode.c.objc; path = GPSearchAdviceVC.m; sourceTree = "<group>"; };
		74A550871F94522100BE7188 /* GPSearchVC.h */ = {isa = PBXFileReference; fileEncoding = 4; lastKnownFileType = sourcecode.c.h; path = GPSearchVC.h; sourceTree = "<group>"; };
		74A5508A1F94522100BE7188 /* GPSearchVC.m */ = {isa = PBXFileReference; fileEncoding = 4; lastKnownFileType = sourcecode.c.objc; path = GPSearchVC.m; sourceTree = "<group>"; };
		74CD57BF1FFCB2700019E4A2 /* SuperViewController.m */ = {isa = PBXFileReference; fileEncoding = 4; lastKnownFileType = sourcecode.c.objc; path = SuperViewController.m; sourceTree = "<group>"; };
		74CD57C01FFCB2700019E4A2 /* SuperViewController.h */ = {isa = PBXFileReference; fileEncoding = 4; lastKnownFileType = sourcecode.c.h; path = SuperViewController.h; sourceTree = "<group>"; };
		74CD57C21FFCB3220019E4A2 /* m_backArrow@3x.png */ = {isa = PBXFileReference; lastKnownFileType = image.png; path = "m_backArrow@3x.png"; sourceTree = "<group>"; };
		74CD57C31FFCB3220019E4A2 /* m_backArrow@2x.png */ = {isa = PBXFileReference; lastKnownFileType = image.png; path = "m_backArrow@2x.png"; sourceTree = "<group>"; };
		74CD57D91FFCD44B0019E4A2 /* My_LaunchScreen.png */ = {isa = PBXFileReference; lastKnownFileType = image.png; path = My_LaunchScreen.png; sourceTree = "<group>"; };
		74CD57DA1FFCD44C0019E4A2 /* icon.png */ = {isa = PBXFileReference; lastKnownFileType = image.png; path = icon.png; sourceTree = "<group>"; };
		74D95FD11FF3A15900AE05D2 /* UIView+Addition.m */ = {isa = PBXFileReference; fileEncoding = 4; lastKnownFileType = sourcecode.c.objc; path = "UIView+Addition.m"; sourceTree = "<group>"; };
		74D95FD21FF3A15900AE05D2 /* UIColor+Addition.m */ = {isa = PBXFileReference; fileEncoding = 4; lastKnownFileType = sourcecode.c.objc; path = "UIColor+Addition.m"; sourceTree = "<group>"; };
		74D95FD31FF3A15900AE05D2 /* UIView+Addition.h */ = {isa = PBXFileReference; fileEncoding = 4; lastKnownFileType = sourcecode.c.h; path = "UIView+Addition.h"; sourceTree = "<group>"; };
		74D95FD41FF3A15900AE05D2 /* Additions.h */ = {isa = PBXFileReference; fileEncoding = 4; lastKnownFileType = sourcecode.c.h; path = Additions.h; sourceTree = "<group>"; };
		74D95FD51FF3A15900AE05D2 /* UIColor+Addition.h */ = {isa = PBXFileReference; fileEncoding = 4; lastKnownFileType = sourcecode.c.h; path = "UIColor+Addition.h"; sourceTree = "<group>"; };
		74F62F511FF4C4AF00B0ECC2 /* GPSearch.bundle */ = {isa = PBXFileReference; lastKnownFileType = "wrapper.plug-in"; path = GPSearch.bundle; sourceTree = "<group>"; };
/* End PBXFileReference section */

/* Begin PBXFrameworksBuildPhase section */
		741049011DC202E7006A4D6E /* Frameworks */ = {
			isa = PBXFrameworksBuildPhase;
			buildActionMask = 2147483647;
			files = (
			);
			runOnlyForDeploymentPostprocessing = 0;
		};
		7410491A1DC202E7006A4D6E /* Frameworks */ = {
			isa = PBXFrameworksBuildPhase;
			buildActionMask = 2147483647;
			files = (
			);
			runOnlyForDeploymentPostprocessing = 0;
		};
		741049251DC202E7006A4D6E /* Frameworks */ = {
			isa = PBXFrameworksBuildPhase;
			buildActionMask = 2147483647;
			files = (
			);
			runOnlyForDeploymentPostprocessing = 0;
		};
/* End PBXFrameworksBuildPhase section */

/* Begin PBXGroup section */
		741048FB1DC202E7006A4D6E = {
			isa = PBXGroup;
			children = (
				741049061DC202E7006A4D6E /* GPSearchDemo */,
				741049201DC202E7006A4D6E /* GPSearchDemoTests */,
				7410492B1DC202E7006A4D6E /* GPSearchDemoUITests */,
				741049051DC202E7006A4D6E /* Products */,
			);
			sourceTree = "<group>";
		};
		741049051DC202E7006A4D6E /* Products */ = {
			isa = PBXGroup;
			children = (
				741049041DC202E7006A4D6E /* GPSearchDemo.app */,
				7410491D1DC202E7006A4D6E /* GPSearchDemoTests.xctest */,
				741049281DC202E7006A4D6E /* GPSearchDemoUITests.xctest */,
			);
			name = Products;
			sourceTree = "<group>";
		};
		741049061DC202E7006A4D6E /* GPSearchDemo */ = {
			isa = PBXGroup;
			children = (
				741049651DC20B2E006A4D6E /* GPSearchStyleListVC.h */,
				741049661DC20B2E006A4D6E /* GPSearchStyleListVC.m */,
				741049671DC20B2E006A4D6E /* SearchResultVC.h */,
				741049681DC20B2E006A4D6E /* SearchResultVC.m */,
				74A550701F94520500BE7188 /* GPSearch */,
				7410493A1DC207A2006A4D6E /* Other */,
				741049071DC202E7006A4D6E /* Supporting Files */,
			);
			path = GPSearchDemo;
			sourceTree = "<group>";
		};
		741049071DC202E7006A4D6E /* Supporting Files */ = {
			isa = PBXGroup;
			children = (
				741049081DC202E7006A4D6E /* main.m */,
			);
			name = "Supporting Files";
			sourceTree = "<group>";
		};
		741049201DC202E7006A4D6E /* GPSearchDemoTests */ = {
			isa = PBXGroup;
			children = (
				741049211DC202E7006A4D6E /* GPSearchDemoTests.m */,
				741049231DC202E7006A4D6E /* Info.plist */,
			);
			path = GPSearchDemoTests;
			sourceTree = "<group>";
		};
		7410492B1DC202E7006A4D6E /* GPSearchDemoUITests */ = {
			isa = PBXGroup;
			children = (
				7410492C1DC202E7006A4D6E /* GPSearchDemoUITests.m */,
				7410492E1DC202E7006A4D6E /* Info.plist */,
			);
			path = GPSearchDemoUITests;
			sourceTree = "<group>";
		};
		7410493A1DC207A2006A4D6E /* Other */ = {
			isa = PBXGroup;
			children = (
				74CD57BE1FFCB2610019E4A2 /* BaseVC */,
				742015D91FFB553D00E81162 /* MyPCH.pch */,
				742015DA1FFB558F00E81162 /* Defines.h */,
				74D95FD41FF3A15900AE05D2 /* Additions.h */,
				74D95FD51FF3A15900AE05D2 /* UIColor+Addition.h */,
				74D95FD21FF3A15900AE05D2 /* UIColor+Addition.m */,
				74D95FD31FF3A15900AE05D2 /* UIView+Addition.h */,
				74D95FD11FF3A15900AE05D2 /* UIView+Addition.m */,
				7410490A1DC202E7006A4D6E /* AppDelegate.h */,
				7410490B1DC202E7006A4D6E /* AppDelegate.m */,
				7410490D1DC202E7006A4D6E /* ViewController.h */,
				7410490E1DC202E7006A4D6E /* ViewController.m */,
				74CD57DA1FFCD44C0019E4A2 /* icon.png */,
				74CD57D91FFCD44B0019E4A2 /* My_LaunchScreen.png */,
				741049101DC202E7006A4D6E /* Main.storyboard */,
				741049DC1DC21F4A006A4D6E /* LaunchScreen.storyboard */,
				741049131DC202E7006A4D6E /* Assets.xcassets */,
				741049181DC202E7006A4D6E /* Info.plist */,
				741231FB1FF4F72E007A4102 /* Localizable.strings */,
			);
			name = Other;
			sourceTree = "<group>";
		};
		74A550701F94520500BE7188 /* GPSearch */ = {
			isa = PBXGroup;
			children = (
				74F62F511FF4C4AF00B0ECC2 /* GPSearch.bundle */,
				74A550711F94522000BE7188 /* GPSearchConst.h */,
				74A550841F94522100BE7188 /* GPSearchConst.m */,
				741232001FF4FAB2007A4102 /* NSBundle+GPSearch.h */,
				741232011FF4FAB2007A4102 /* NSBundle+GPSearch.m */,
				74A550821F94522000BE7188 /* GPSearchAdviceVC.h */,
				74A550861F94522100BE7188 /* GPSearchAdviceVC.m */,
				74A550871F94522100BE7188 /* GPSearchVC.h */,
				74A5508A1F94522100BE7188 /* GPSearchVC.m */,
			);
			path = GPSearch;
			sourceTree = "<group>";
		};
		74CD57BE1FFCB2610019E4A2 /* BaseVC */ = {
			isa = PBXGroup;
			children = (
				74CD57C31FFCB3220019E4A2 /* m_backArrow@2x.png */,
				74CD57C21FFCB3220019E4A2 /* m_backArrow@3x.png */,
				74CD57C01FFCB2700019E4A2 /* SuperViewController.h */,
				74CD57BF1FFCB2700019E4A2 /* SuperViewController.m */,
			);
			name = BaseVC;
			sourceTree = "<group>";
		};
/* End PBXGroup section */

/* Begin PBXNativeTarget section */
		741049031DC202E7006A4D6E /* GPSearchDemo */ = {
			isa = PBXNativeTarget;
			buildConfigurationList = 741049311DC202E7006A4D6E /* Build configuration list for PBXNativeTarget "GPSearchDemo" */;
			buildPhases = (
				741049001DC202E7006A4D6E /* Sources */,
				741049011DC202E7006A4D6E /* Frameworks */,
				741049021DC202E7006A4D6E /* Resources */,
			);
			buildRules = (
			);
			dependencies = (
			);
			name = GPSearchDemo;
			productName = GPSearchDemo;
			productReference = 741049041DC202E7006A4D6E /* GPSearchDemo.app */;
			productType = "com.apple.product-type.application";
		};
		7410491C1DC202E7006A4D6E /* GPSearchDemoTests */ = {
			isa = PBXNativeTarget;
			buildConfigurationList = 741049341DC202E7006A4D6E /* Build configuration list for PBXNativeTarget "GPSearchDemoTests" */;
			buildPhases = (
				741049191DC202E7006A4D6E /* Sources */,
				7410491A1DC202E7006A4D6E /* Frameworks */,
				7410491B1DC202E7006A4D6E /* Resources */,
			);
			buildRules = (
			);
			dependencies = (
				7410491F1DC202E7006A4D6E /* PBXTargetDependency */,
			);
			name = GPSearchDemoTests;
			productName = GPSearchDemoTests;
			productReference = 7410491D1DC202E7006A4D6E /* GPSearchDemoTests.xctest */;
			productType = "com.apple.product-type.bundle.unit-test";
		};
		741049271DC202E7006A4D6E /* GPSearchDemoUITests */ = {
			isa = PBXNativeTarget;
			buildConfigurationList = 741049371DC202E7006A4D6E /* Build configuration list for PBXNativeTarget "GPSearchDemoUITests" */;
			buildPhases = (
				741049241DC202E7006A4D6E /* Sources */,
				741049251DC202E7006A4D6E /* Frameworks */,
				741049261DC202E7006A4D6E /* Resources */,
			);
			buildRules = (
			);
			dependencies = (
				7410492A1DC202E7006A4D6E /* PBXTargetDependency */,
			);
			name = GPSearchDemoUITests;
			productName = GPSearchDemoUITests;
			productReference = 741049281DC202E7006A4D6E /* GPSearchDemoUITests.xctest */;
			productType = "com.apple.product-type.bundle.ui-testing";
		};
/* End PBXNativeTarget section */

/* Begin PBXProject section */
		741048FC1DC202E7006A4D6E /* Project object */ = {
			isa = PBXProject;
			attributes = {
				LastUpgradeCheck = 0910;
				ORGANIZATIONNAME = "陈冠鹏";
				TargetAttributes = {
					741049031DC202E7006A4D6E = {
						CreatedOnToolsVersion = 8.0;
						DevelopmentTeam = 8MK5S27Q3B;
						ProvisioningStyle = Automatic;
					};
					7410491C1DC202E7006A4D6E = {
						CreatedOnToolsVersion = 8.0;
						ProvisioningStyle = Automatic;
						TestTargetID = 741049031DC202E7006A4D6E;
					};
					741049271DC202E7006A4D6E = {
						CreatedOnToolsVersion = 8.0;
						ProvisioningStyle = Automatic;
						TestTargetID = 741049031DC202E7006A4D6E;
					};
				};
			};
			buildConfigurationList = 741048FF1DC202E7006A4D6E /* Build configuration list for PBXProject "GPSearchDemo" */;
			compatibilityVersion = "Xcode 3.2";
			developmentRegion = English;
			hasScannedForEncodings = 0;
			knownRegions = (
				en,
				Base,
				fr,
				es,
				"zh-Hant",
				"zh-Hans",
			);
			mainGroup = 741048FB1DC202E7006A4D6E;
			productRefGroup = 741049051DC202E7006A4D6E /* Products */;
			projectDirPath = "";
			projectRoot = "";
			targets = (
				741049031DC202E7006A4D6E /* GPSearchDemo */,
				7410491C1DC202E7006A4D6E /* GPSearchDemoTests */,
				741049271DC202E7006A4D6E /* GPSearchDemoUITests */,
			);
		};
/* End PBXProject section */

/* Begin PBXResourcesBuildPhase section */
		741049021DC202E7006A4D6E /* Resources */ = {
			isa = PBXResourcesBuildPhase;
			buildActionMask = 2147483647;
			files = (
				741231F91FF4F72E007A4102 /* Localizable.strings in Resources */,
				741049DE1DC21F4A006A4D6E /* LaunchScreen.storyboard in Resources */,
				74CD57DC1FFCD44C0019E4A2 /* icon.png in Resources */,
				74CD57C51FFCB3220019E4A2 /* m_backArrow@2x.png in Resources */,
				74CD57C41FFCB3220019E4A2 /* m_backArrow@3x.png in Resources */,
				74F62F521FF4C4AF00B0ECC2 /* GPSearch.bundle in Resources */,
				741049141DC202E7006A4D6E /* Assets.xcassets in Resources */,
				74CD57DB1FFCD44C0019E4A2 /* My_LaunchScreen.png in Resources */,
				741049121DC202E7006A4D6E /* Main.storyboard in Resources */,
			);
			runOnlyForDeploymentPostprocessing = 0;
		};
		7410491B1DC202E7006A4D6E /* Resources */ = {
			isa = PBXResourcesBuildPhase;
			buildActionMask = 2147483647;
			files = (
			);
			runOnlyForDeploymentPostprocessing = 0;
		};
		741049261DC202E7006A4D6E /* Resources */ = {
			isa = PBXResourcesBuildPhase;
			buildActionMask = 2147483647;
			files = (
			);
			runOnlyForDeploymentPostprocessing = 0;
		};
/* End PBXResourcesBuildPhase section */

/* Begin PBXSourcesBuildPhase section */
		741049001DC202E7006A4D6E /* Sources */ = {
			isa = PBXSourcesBuildPhase;
			buildActionMask = 2147483647;
			files = (
				74D95FD61FF3A15A00AE05D2 /* UIView+Addition.m in Sources */,
				7410490F1DC202E7006A4D6E /* ViewController.m in Sources */,
				74CD57C11FFCB2700019E4A2 /* SuperViewController.m in Sources */,
				741232021FF4FAB2007A4102 /* NSBundle+GPSearch.m in Sources */,
				741049691DC20B2E006A4D6E /* GPSearchStyleListVC.m in Sources */,
				7410490C1DC202E7006A4D6E /* AppDelegate.m in Sources */,
				74A5509A1F94522100BE7188 /* GPSearchConst.m in Sources */,
				74A5509B1F94522100BE7188 /* GPSearchAdviceVC.m in Sources */,
				74A5509D1F94522100BE7188 /* GPSearchVC.m in Sources */,
				74D95FD71FF3A15A00AE05D2 /* UIColor+Addition.m in Sources */,
				7410496A1DC20B2E006A4D6E /* SearchResultVC.m in Sources */,
				741049091DC202E7006A4D6E /* main.m in Sources */,
			);
			runOnlyForDeploymentPostprocessing = 0;
		};
		741049191DC202E7006A4D6E /* Sources */ = {
			isa = PBXSourcesBuildPhase;
			buildActionMask = 2147483647;
			files = (
				741049221DC202E7006A4D6E /* GPSearchDemoTests.m in Sources */,
			);
			runOnlyForDeploymentPostprocessing = 0;
		};
		741049241DC202E7006A4D6E /* Sources */ = {
			isa = PBXSourcesBuildPhase;
			buildActionMask = 2147483647;
			files = (
				7410492D1DC202E7006A4D6E /* GPSearchDemoUITests.m in Sources */,
			);
			runOnlyForDeploymentPostprocessing = 0;
		};
/* End PBXSourcesBuildPhase section */

/* Begin PBXTargetDependency section */
		7410491F1DC202E7006A4D6E /* PBXTargetDependency */ = {
			isa = PBXTargetDependency;
			target = 741049031DC202E7006A4D6E /* GPSearchDemo */;
			targetProxy = 7410491E1DC202E7006A4D6E /* PBXContainerItemProxy */;
		};
		7410492A1DC202E7006A4D6E /* PBXTargetDependency */ = {
			isa = PBXTargetDependency;
			target = 741049031DC202E7006A4D6E /* GPSearchDemo */;
			targetProxy = 741049291DC202E7006A4D6E /* PBXContainerItemProxy */;
		};
/* End PBXTargetDependency section */

/* Begin PBXVariantGroup section */
		741049101DC202E7006A4D6E /* Main.storyboard */ = {
			isa = PBXVariantGroup;
			children = (
				741049111DC202E7006A4D6E /* Base */,
			);
			name = Main.storyboard;
			sourceTree = "<group>";
		};
		741231FB1FF4F72E007A4102 /* Localizable.strings */ = {
			isa = PBXVariantGroup;
			children = (
				741231FA1FF4F72E007A4102 /* en */,
				741231FC1FF4F73C007A4102 /* fr */,
				741231FD1FF4F73E007A4102 /* es */,
				741231FE1FF4F73F007A4102 /* zh-Hant */,
				741231FF1FF4F740007A4102 /* zh-Hans */,
			);
			name = Localizable.strings;
			sourceTree = "<group>";
		};
/* End PBXVariantGroup section */

/* Begin XCBuildConfiguration section */
		7410492F1DC202E7006A4D6E /* Debug */ = {
			isa = XCBuildConfiguration;
			buildSettings = {
				ALWAYS_SEARCH_USER_PATHS = NO;
				CLANG_ANALYZER_NONNULL = YES;
				CLANG_CXX_LANGUAGE_STANDARD = "gnu++0x";
				CLANG_CXX_LIBRARY = "libc++";
				CLANG_ENABLE_MODULES = YES;
				CLANG_ENABLE_OBJC_ARC = YES;
				CLANG_WARN_BLOCK_CAPTURE_AUTORELEASING = YES;
				CLANG_WARN_BOOL_CONVERSION = YES;
				CLANG_WARN_COMMA = YES;
				CLANG_WARN_CONSTANT_CONVERSION = YES;
				CLANG_WARN_DIRECT_OBJC_ISA_USAGE = YES_ERROR;
				CLANG_WARN_DOCUMENTATION_COMMENTS = YES;
				CLANG_WARN_EMPTY_BODY = YES;
				CLANG_WARN_ENUM_CONVERSION = YES;
				CLANG_WARN_INFINITE_RECURSION = YES;
				CLANG_WARN_INT_CONVERSION = YES;
				CLANG_WARN_NON_LITERAL_NULL_CONVERSION = YES;
				CLANG_WARN_OBJC_LITERAL_CONVERSION = YES;
				CLANG_WARN_OBJC_ROOT_CLASS = YES_ERROR;
				CLANG_WARN_RANGE_LOOP_ANALYSIS = YES;
				CLANG_WARN_STRICT_PROTOTYPES = YES;
				CLANG_WARN_SUSPICIOUS_MOVE = YES;
				CLANG_WARN_SUSPICIOUS_MOVES = YES;
				CLANG_WARN_UNREACHABLE_CODE = YES;
				CLANG_WARN__DUPLICATE_METHOD_MATCH = YES;
				"CODE_SIGN_IDENTITY[sdk=iphoneos*]" = "iPhone Developer";
				COPY_PHASE_STRIP = NO;
				DEBUG_INFORMATION_FORMAT = dwarf;
				ENABLE_STRICT_OBJC_MSGSEND = YES;
				ENABLE_TESTABILITY = YES;
				GCC_C_LANGUAGE_STANDARD = gnu99;
				GCC_DYNAMIC_NO_PIC = NO;
				GCC_NO_COMMON_BLOCKS = YES;
				GCC_OPTIMIZATION_LEVEL = 0;
				GCC_PREPROCESSOR_DEFINITIONS = (
					"DEBUG=1",
					"$(inherited)",
				);
				GCC_WARN_64_TO_32_BIT_CONVERSION = YES;
				GCC_WARN_ABOUT_RETURN_TYPE = YES_ERROR;
				GCC_WARN_UNDECLARED_SELECTOR = YES;
				GCC_WARN_UNINITIALIZED_AUTOS = YES_AGGRESSIVE;
				GCC_WARN_UNUSED_FUNCTION = YES;
				GCC_WARN_UNUSED_VARIABLE = YES;
				IPHONEOS_DEPLOYMENT_TARGET = 10.0;
				MTL_ENABLE_DEBUG_INFO = YES;
				ONLY_ACTIVE_ARCH = YES;
				SDKROOT = iphoneos;
				TARGETED_DEVICE_FAMILY = "1,2";
			};
			name = Debug;
		};
		741049301DC202E7006A4D6E /* Release */ = {
			isa = XCBuildConfiguration;
			buildSettings = {
				ALWAYS_SEARCH_USER_PATHS = NO;
				CLANG_ANALYZER_NONNULL = YES;
				CLANG_CXX_LANGUAGE_STANDARD = "gnu++0x";
				CLANG_CXX_LIBRARY = "libc++";
				CLANG_ENABLE_MODULES = YES;
				CLANG_ENABLE_OBJC_ARC = YES;
				CLANG_WARN_BLOCK_CAPTURE_AUTORELEASING = YES;
				CLANG_WARN_BOOL_CONVERSION = YES;
				CLANG_WARN_COMMA = YES;
				CLANG_WARN_CONSTANT_CONVERSION = YES;
				CLANG_WARN_DIRECT_OBJC_ISA_USAGE = YES_ERROR;
				CLANG_WARN_DOCUMENTATION_COMMENTS = YES;
				CLANG_WARN_EMPTY_BODY = YES;
				CLANG_WARN_ENUM_CONVERSION = YES;
				CLANG_WARN_INFINITE_RECURSION = YES;
				CLANG_WARN_INT_CONVERSION = YES;
				CLANG_WARN_NON_LITERAL_NULL_CONVERSION = YES;
				CLANG_WARN_OBJC_LITERAL_CONVERSION = YES;
				CLANG_WARN_OBJC_ROOT_CLASS = YES_ERROR;
				CLANG_WARN_RANGE_LOOP_ANALYSIS = YES;
				CLANG_WARN_STRICT_PROTOTYPES = YES;
				CLANG_WARN_SUSPICIOUS_MOVE = YES;
				CLANG_WARN_SUSPICIOUS_MOVES = YES;
				CLANG_WARN_UNREACHABLE_CODE = YES;
				CLANG_WARN__DUPLICATE_METHOD_MATCH = YES;
				"CODE_SIGN_IDENTITY[sdk=iphoneos*]" = "iPhone Developer";
				COPY_PHASE_STRIP = NO;
				DEBUG_INFORMATION_FORMAT = "dwarf-with-dsym";
				ENABLE_NS_ASSERTIONS = NO;
				ENABLE_STRICT_OBJC_MSGSEND = YES;
				GCC_C_LANGUAGE_STANDARD = gnu99;
				GCC_NO_COMMON_BLOCKS = YES;
				GCC_WARN_64_TO_32_BIT_CONVERSION = YES;
				GCC_WARN_ABOUT_RETURN_TYPE = YES_ERROR;
				GCC_WARN_UNDECLARED_SELECTOR = YES;
				GCC_WARN_UNINITIALIZED_AUTOS = YES_AGGRESSIVE;
				GCC_WARN_UNUSED_FUNCTION = YES;
				GCC_WARN_UNUSED_VARIABLE = YES;
				IPHONEOS_DEPLOYMENT_TARGET = 10.0;
				MTL_ENABLE_DEBUG_INFO = NO;
				SDKROOT = iphoneos;
				TARGETED_DEVICE_FAMILY = "1,2";
				VALIDATE_PRODUCT = YES;
			};
			name = Release;
		};
		741049321DC202E7006A4D6E /* Debug */ = {
			isa = XCBuildConfiguration;
			buildSettings = {
				ASSETCATALOG_COMPILER_APPICON_NAME = AppIcon;
				DEVELOPMENT_TEAM = 8MK5S27Q3B;
				GCC_PREFIX_HEADER = GPSearchDemo/MyPCH.pch;
				INFOPLIST_FILE = GPSearchDemo/Info.plist;
				IPHONEOS_DEPLOYMENT_TARGET = 8.0;
				LD_RUNPATH_SEARCH_PATHS = "$(inherited) @executable_path/Frameworks";
				PRODUCT_BUNDLE_IDENTIFIER = chen.GPSearchDemo;
				PRODUCT_NAME = "$(TARGET_NAME)";
			};
			name = Debug;
		};
		741049331DC202E7006A4D6E /* Release */ = {
			isa = XCBuildConfiguration;
			buildSettings = {
				ASSETCATALOG_COMPILER_APPICON_NAME = AppIcon;
				DEVELOPMENT_TEAM = 8MK5S27Q3B;
				GCC_PREFIX_HEADER = GPSearchDemo/MyPCH.pch;
				INFOPLIST_FILE = GPSearchDemo/Info.plist;
				IPHONEOS_DEPLOYMENT_TARGET = 8.0;
				LD_RUNPATH_SEARCH_PATHS = "$(inherited) @executable_path/Frameworks";
				PRODUCT_BUNDLE_IDENTIFIER = chen.GPSearchDemo;
				PRODUCT_NAME = "$(TARGET_NAME)";
			};
			name = Release;
		};
		741049351DC202E7006A4D6E /* Debug */ = {
			isa = XCBuildConfiguration;
			buildSettings = {
				BUNDLE_LOADER = "$(TEST_HOST)";
				INFOPLIST_FILE = GPSearchDemoTests/Info.plist;
				LD_RUNPATH_SEARCH_PATHS = "$(inherited) @executable_path/Frameworks @loader_path/Frameworks";
				PRODUCT_BUNDLE_IDENTIFIER = chen.GPSearchDemoTests;
				PRODUCT_NAME = "$(TARGET_NAME)";
				TEST_HOST = "$(BUILT_PRODUCTS_DIR)/GPSearchDemo.app/GPSearchDemo";
			};
			name = Debug;
		};
		741049361DC202E7006A4D6E /* Release */ = {
			isa = XCBuildConfiguration;
			buildSettings = {
				BUNDLE_LOADER = "$(TEST_HOST)";
				INFOPLIST_FILE = GPSearchDemoTests/Info.plist;
				LD_RUNPATH_SEARCH_PATHS = "$(inherited) @executable_path/Frameworks @loader_path/Frameworks";
				PRODUCT_BUNDLE_IDENTIFIER = chen.GPSearchDemoTests;
				PRODUCT_NAME = "$(TARGET_NAME)";
				TEST_HOST = "$(BUILT_PRODUCTS_DIR)/GPSearchDemo.app/GPSearchDemo";
			};
			name = Release;
		};
		741049381DC202E7006A4D6E /* Debug */ = {
			isa = XCBuildConfiguration;
			buildSettings = {
				INFOPLIST_FILE = GPSearchDemoUITests/Info.plist;
				LD_RUNPATH_SEARCH_PATHS = "$(inherited) @executable_path/Frameworks @loader_path/Frameworks";
				PRODUCT_BUNDLE_IDENTIFIER = chen.GPSearchDemoUITests;
				PRODUCT_NAME = "$(TARGET_NAME)";
				TEST_TARGET_NAME = GPSearchDemo;
			};
			name = Debug;
		};
		741049391DC202E7006A4D6E /* Release */ = {
			isa = XCBuildConfiguration;
			buildSettings = {
				INFOPLIST_FILE = GPSearchDemoUITests/Info.plist;
				LD_RUNPATH_SEARCH_PATHS = "$(inherited) @executable_path/Frameworks @loader_path/Frameworks";
				PRODUCT_BUNDLE_IDENTIFIER = chen.GPSearchDemoUITests;
				PRODUCT_NAME = "$(TARGET_NAME)";
				TEST_TARGET_NAME = GPSearchDemo;
			};
			name = Release;
		};
/* End XCBuildConfiguration section */

/* Begin XCConfigurationList section */
		741048FF1DC202E7006A4D6E /* Build configuration list for PBXProject "GPSearchDemo" */ = {
			isa = XCConfigurationList;
			buildConfigurations = (
				7410492F1DC202E7006A4D6E /* Debug */,
				741049301DC202E7006A4D6E /* Release */,
			);
			defaultConfigurationIsVisible = 0;
			defaultConfigurationName = Release;
		};
		741049311DC202E7006A4D6E /* Build configuration list for PBXNativeTarget "GPSearchDemo" */ = {
			isa = XCConfigurationList;
			buildConfigurations = (
				741049321DC202E7006A4D6E /* Debug */,
				741049331DC202E7006A4D6E /* Release */,
			);
			defaultConfigurationIsVisible = 0;
			defaultConfigurationName = Release;
		};
		741049341DC202E7006A4D6E /* Build configuration list for PBXNativeTarget "GPSearchDemoTests" */ = {
			isa = XCConfigurationList;
			buildConfigurations = (
				741049351DC202E7006A4D6E /* Debug */,
				741049361DC202E7006A4D6E /* Release */,
			);
			defaultConfigurationIsVisible = 0;
			defaultConfigurationName = Release;
		};
		741049371DC202E7006A4D6E /* Build configuration list for PBXNativeTarget "GPSearchDemoUITests" */ = {
			isa = XCConfigurationList;
			buildConfigurations = (
				741049381DC202E7006A4D6E /* Debug */,
				741049391DC202E7006A4D6E /* Release */,
			);
			defaultConfigurationIsVisible = 0;
			defaultConfigurationName = Release;
		};
/* End XCConfigurationList section */
	};
	rootObject = 741048FC1DC202E7006A4D6E /* Project object */;
}
